
Microsoft Visual Studio Solution File, Format Version 12.00
# Visual Studio 2013
VisualStudioVersion = 12.0.30110.0
MinimumVisualStudioVersion = 10.0.40219.1
Project("{FAE04EC0-301F-11D3-BF4B-00C04F79EFBC}") = "Cn.RaymanLee.Data", "Cn.RaymanLee.Data\Cn.RaymanLee.Data.csproj", "{B5BFE952-A625-4A2E-A251-F77A2B54ED4B}"
EndProject
Project("{FAE04EC0-301F-11D3-BF4B-00C04F79EFBC}") = "Cn.RaymanLee.Patterns", "Cn.RaymanLee.Patterns\Cn.RaymanLee.Patterns.csproj", "{B157D953-050C-468D-A6BD-EFDDCF5128C3}"
EndProject
Project("{FAE04EC0-301F-11D3-BF4B-00C04F79EFBC}") = "Cn.RaymanLee.Utils", "Cn.RaymanLee.Utils\Cn.RaymanLee.Utils.csproj", "{D7DF557B-0836-4B6F-A59F-1785DDF25397}"
EndProject
Project("{FAE04EC0-301F-11D3-BF4B-00C04F79EFBC}") = "Cn.RaymanLee.Web.UI.ViewModels", "Cn.RaymanLee.Web.UI.ViewModels\Cn.RaymanLee.Web.UI.ViewModels.csproj", "{C4008D71-9E7B-4DAC-B274-8078EE3CE651}"
EndProject
Project("{FAE04EC0-301F-11D3-BF4B-00C04F79EFBC}") = "Cn.Com.Sve.OA.Entities", "Cn.Com.Sve.OA.Entities\Cn.Com.Sve.OA.Entities.csproj", "{18D2F5C3-7C53-4951-98E1-1ABB48C14435}"
EndProject
Project("{FAE04EC0-301F-11D3-BF4B-00C04F79EFBC}") = "Cn.Com.Sve.OA.DataServices", "Cn.Com.Sve.OA.DataServices\Cn.Com.Sve.OA.DataServices.csproj", "{7F0669CC-1189-4FBD-B32E-EB5E07E13704}"
EndProject
Project("{FAE04EC0-301F-11D3-BF4B-00C04F79EFBC}") = "Cn.Com.Sve.OA.BusinessService", "Cn.Com.Sve.OA.BusinessService\Cn.Com.Sve.OA.BusinessService.csproj", "{7C20395A-4DBA-486F-B7BF-D205C9AF6A9A}"
EndProject
Project("{FAE04EC0-301F-11D3-BF4B-00C04F79EFBC}") = "Cn.Com.Sve.OA.Web", "Cn.Com.Sve.OA.Web\Cn.Com.Sve.OA.Web.csproj", "{C7024F7C-E01A-452A-81E2-15DE382A3440}"
EndProject
Global
	GlobalSection(SolutionConfigurationPlatforms) = preSolution
		Debug|Any CPU = Debug|Any CPU
		Release|Any CPU = Release|Any CPU
	EndGlobalSection
	GlobalSection(ProjectConfigurationPlatforms) = postSolution
		{B5BFE952-A625-4A2E-A251-F77A2B54ED4B}.Debug|Any CPU.ActiveCfg = Debug|Any CPU
		{B5BFE952-A625-4A2E-A251-F77A2B54ED4B}.Debug|Any CPU.Build.0 = Debug|Any CPU
		{B5BFE952-A625-4A2E-A251-F77A2B54ED4B}.Release|Any CPU.ActiveCfg = Release|Any CPU
		{B5BFE952-A625-4A2E-A251-F77A2B54ED4B}.Release|Any CPU.Build.0 = Release|Any CPU
		{B157D953-050C-468D-A6BD-EFDDCF5128C3}.Debug|Any CPU.ActiveCfg = Debug|Any CPU
		{B157D953-050C-468D-A6BD-EFDDCF5128C3}.Debug|Any CPU.Build.0 = Debug|Any CPU
		{B157D953-050C-468D-A6BD-EFDDCF5128C3}.Release|Any CPU.ActiveCfg = Release|Any CPU
		{B157D953-050C-468D-A6BD-EFDDCF5128C3}.Release|Any CPU.Build.0 = Release|Any CPU
		{D7DF557B-0836-4B6F-A59F-1785DDF25397}.Debug|Any CPU.ActiveCfg = Debug|Any CPU
		{D7DF557B-0836-4B6F-A59F-1785DDF25397}.Debug|Any CPU.Build.0 = Debug|Any CPU
		{D7DF557B-0836-4B6F-A59F-1785DDF25397}.Release|Any CPU.ActiveCfg = Release|Any CPU
		{D7DF557B-0836-4B6F-A59F-1785DDF25397}.Release|Any CPU.Build.0 = Release|Any CPU
		{C4008D71-9E7B-4DAC-B274-8078EE3CE651}.Debug|Any CPU.ActiveCfg = Debug|Any CPU
		{C4008D71-9E7B-4DAC-B274-8078EE3CE651}.Debug|Any CPU.Build.0 = Debug|Any CPU
		{C4008D71-9E7B-4DAC-B274-8078EE3CE651}.Release|Any CPU.ActiveCfg = Release|Any CPU
		{C4008D71-9E7B-4DAC-B274-8078EE3CE651}.Release|Any CPU.Build.0 = Release|Any CPU
		{18D2F5C3-7C53-4951-98E1-1ABB48C14435}.Debug|Any CPU.ActiveCfg = Debug|Any CPU
		{18D2F5C3-7C53-4951-98E1-1ABB48C14435}.Debug|Any CPU.Build.0 = Debug|Any CPU
		{18D2F5C3-7C53-4951-98E1-1ABB48C14435}.Release|Any CPU.ActiveCfg = Release|Any CPU
		{18D2F5C3-7C53-4951-98E1-1ABB48C14435}.Release|Any CPU.Build.0 = Release|Any CPU
		{7F0669CC-1189-4FBD-B32E-EB5E07E13704}.Debug|Any CPU.ActiveCfg = Debug|Any CPU
		{7F0669CC-1189-4FBD-B32E-EB5E07E13704}.Debug|Any CPU.Build.0 = Debug|Any CPU
		{7F0669CC-1189-4FBD-B32E-EB5E07E13704}.Release|Any CPU.ActiveCfg = Release|Any CPU
		{7F0669CC-1189-4FBD-B32E-EB5E07E13704}.Release|Any CPU.Build.0 = Release|Any CPU
		{7C20395A-4DBA-486F-B7BF-D205C9AF6A9A}.Debug|Any CPU.ActiveCfg = Debug|Any CPU
		{7C20395A-4DBA-486F-B7BF-D205C9AF6A9A}.Debug|Any CPU.Build.0 = Debug|Any CPU
		{7C20395A-4DBA-486F-B7BF-D205C9AF6A9A}.Release|Any CPU.ActiveCfg = Release|Any CPU
		{7C20395A-4DBA-486F-B7BF-D205C9AF6A9A}.Release|Any CPU.Build.0 = Release|Any CPU
		{C7024F7C-E01A-452A-81E2-15DE382A3440}.Debug|Any CPU.ActiveCfg = Debug|Any CPU
		{C7024F7C-E01A-452A-81E2-15DE382A3440}.Debug|Any CPU.Build.0 = Debug|Any CPU
		{C7024F7C-E01A-452A-81E2-15DE382A3440}.Release|Any CPU.ActiveCfg = Release|Any CPU
		{C7024F7C-E01A-452A-81E2-15DE382A3440}.Release|Any CPU.Build.0 = Release|Any CPU
	EndGlobalSection
	GlobalSection(SolutionProperties) = preSolution
		HideSolutionNode = FALSE
	EndGlobalSection
EndGlobal
